github.com/d2r2/go-logger v0.0.0-20210606094344-60e9d1233e22 h1:nO+SY4KOMsF/LsZ5EtbSKhiT3M6sv/igo2PEru/xEHI=
github.com/d2r2/go-logger v0.0.0-20210606094344-60e9d1233e22/go.mod h1:eSx+YfcVy5vCjRZBNIhpIpfCGFMQ6XSOSQkDk7+VCpg=
github.com/d2r2/go-shell v0.0.0-20211022052110-f591c27e3e2e h1:6rbw4kecquuE5mELvn9DJqrFfTLkeITQSkv8chVAX2Q=
github.com/d2r2/go-shell v0.0.0-20211022052110-f591c27e3e2e/go.mod h1:yqtlOXB0bWzWgM4wZ9BdZ75OmXSiFYSKrZ3TZlPaePQ=
github.com/davecgh/go-spew v1.1.1 h1:vj9j/u1bqnvCEfJOwUhtlOARqs3+rkHYY13jYWTU97c=
github.com/davecgh/go-spew v1.1.1/go.mod h1:J7Y8YcW2NihsgmVo/mv3lAwl/skON4iLHjSsI+c5H38=
github.com/yosssi/gmq v0.0.1 h1:GhlDVaAQoi3Mvjul/qJXXGfL4JBeE0GQwbWp3eIsja8=
github.com/yosssi/gmq v0.0.1/go.mod h1:mReykazh0U1JabvuWh1PEbzzJftqOQWsjr0Lwg5jL1Y=
